
Microsoft Visual Studio Solution File, Format Version 12.00
# Visual Studio 2013
VisualStudioVersion = 12.0.30723.0
MinimumVisualStudioVersion = 10.0.40219.1
Project("{8BC9CEB8-8B4A-11D0-8D11-00A0C91BC942}") = "Game", "SDL_Game_Framework\SDL_Game_Framework.vcxproj", "{8E28E0D2-1AAA-4FB8-9D4A-2153AE5D1B75}"
EndProject
Global
	GlobalSection(SolutionConfigurationPlatforms) = preSolution
		Debug|Any CPU = Debug|Any CPU
		Debug|Mixed Platforms = Debug|Mixed Platforms
		Debug|Win32 = Debug|Win32
		Release|Any CPU = Release|Any CPU
		Release|Mixed Platforms = Release|Mixed Platforms
		Release|Win32 = Release|Win32
	EndGlobalSection
	GlobalSection(ProjectConfigurationPlatforms) = postSolution
		{8E28E0D2-1AAA-4FB8-9D4A-2153AE5D1B75}.Debug|Any CPU.ActiveCfg = Debug|Win32
		{8E28E0D2-1AAA-4FB8-9D4A-2153AE5D1B75}.Debug|Mixed Platforms.ActiveCfg = Debug|Win32
		{8E28E0D2-1AAA-4FB8-9D4A-2153AE5D1B75}.Debug|Mixed Platforms.Build.0 = Debug|Win32
		{8E28E0D2-1AAA-4FB8-9D4A-2153AE5D1B75}.Debug|Win32.ActiveCfg = Debug|Win32
		{8E28E0D2-1AAA-4FB8-9D4A-2153AE5D1B75}.Debug|Win32.Build.0 = Debug|Win32
		{8E28E0D2-1AAA-4FB8-9D4A-2153AE5D1B75}.Release|Any CPU.ActiveCfg = Release|Win32
		{8E28E0D2-1AAA-4FB8-9D4A-2153AE5D1B75}.Release|Mixed Platforms.ActiveCfg = Release|Win32
		{8E28E0D2-1AAA-4FB8-9D4A-2153AE5D1B75}.Release|Mixed Platforms.Build.0 = Release|Win32
		{8E28E0D2-1AAA-4FB8-9D4A-2153AE5D1B75}.Release|Win32.ActiveCfg = Release|Win32
		{8E28E0D2-1AAA-4FB8-9D4A-2153AE5D1B75}.Release|Win32.Build.0 = Release|Win32
	EndGlobalSection
	GlobalSection(SolutionProperties) = preSolution
		HideSolutionNode = FALSE
	EndGlobalSection
EndGlobal
